<?xml version="1.0" encoding="utf-8"?>
<!--
xmake version 3.1.1+HEAD.3ba37a0d4

  This file is auto generated by xmake.

  Please DO NOT EDIT since all your modification will lost after re-generation.
  See https://github.com/xmake-io/xmake/pull/472 for more infomation.
-->
<Project ToolsVersion="4.0" xmlns="http://schemas.microsoft.com/developer/msbuild/2003">
  <ItemGroup>
    <Filter Include="Properties">
      <UniqueIdentifier>{CC7C6180-942D-056E-3227-E6A2B3FB19CD}</UniqueIdentifier>
    </Filter>
    <Filter Include="src">
      <UniqueIdentifier>{491FBF00-292E-479F-8C8F-7A2AC045023A}</UniqueIdentifier>
    </Filter>
    <Filter Include="src\engine">
      <UniqueIdentifier>{EBAE486C-4358-4B39-8496-D02EBB2303C9}</UniqueIdentifier>
    </Filter>
    <Filter Include="src\engine\components">
      <UniqueIdentifier>{5D4FEFEE-472B-4645-9E64-F234E7B17B1D}</UniqueIdentifier>
    </Filter>
    <Filter Include="src\engine\entities">
      <UniqueIdentifier>{B03C5F2B-2DD2-4D15-9BCB-F32ED1170E26}</UniqueIdentifier>
    </Filter>
    <Filter Include="src\engine\systems">
      <UniqueIdentifier>{6E74F8AC-E7B9-4B3E-90EB-DDC8497AC920}</UniqueIdentifier>
    </Filter>
    <Filter Include="src\engine\utils">
      <UniqueIdentifier>{27CB5718-D6FF-4BE5-9547-5162FF7EAFCE}</UniqueIdentifier>
    </Filter>
    <Filter Include="src\engine\utils\debug_ui">
      <UniqueIdentifier>{B7767685-91A2-46A8-82AA-40F097E53D61}</UniqueIdentifier>
    </Filter>
    <Filter Include="src\engine\utils\math">
      <UniqueIdentifier>{049C70AA-42C9-4EF4-A622-F4752BC4A95B}</UniqueIdentifier>
    </Filter>

  </ItemGroup>
  <ItemGroup>
    <None Include="$(MSBuildProjectDirectory)\Xmake.Custom.props">
      <Filter>Properties</Filter>
    </None>
    <None Include="$(MSBuildProjectDirectory)\Xmake.Custom.targets">
      <Filter>Properties</Filter>
    </None>
    <None Include="$(MSBuildProjectDirectory)\Xmake.Custom.items">
      <Filter>Properties</Filter>
    </None>
    <None Include="$(MSBuildProjectDirectory)\Xmake.Custom.items.filters">
      <Filter>Properties</Filter>
    </None>
    <None Include="$(XmakeScriptDir)\xmake.lua">
      <Filter>Properties</Filter>
    </None>
  </ItemGroup>
  <ItemGroup>
    <ClInclude Include="$(XmakeProjectDir)\src\engine\Engine.h">
      <Filter>src\engine</Filter>
    </ClInclude>
    <ClInclude Include="$(XmakeProjectDir)\src\engine\components\CCircleCollider.h">
      <Filter>src\engine\components</Filter>
    </ClInclude>
    <ClInclude Include="$(XmakeProjectDir)\src\engine\components\CInput.h">
      <Filter>src\engine\components</Filter>
    </ClInclude>
    <ClInclude Include="$(XmakeProjectDir)\src\engine\components\CLifespan.h">
      <Filter>src\engine\components</Filter>
    </ClInclude>
    <ClInclude Include="$(XmakeProjectDir)\src\engine\components\CShape.h">
      <Filter>src\engine\components</Filter>
    </ClInclude>
    <ClInclude Include="$(XmakeProjectDir)\src\engine\components\CSprite.h">
      <Filter>src\engine\components</Filter>
    </ClInclude>
    <ClInclude Include="$(XmakeProjectDir)\src\engine\components\CTransform.h">
      <Filter>src\engine\components</Filter>
    </ClInclude>
    <ClInclude Include="$(XmakeProjectDir)\src\engine\components\Component.h">
      <Filter>src\engine\components</Filter>
    </ClInclude>
    <ClInclude Include="$(XmakeProjectDir)\src\engine\entities\EPlayer.h">
      <Filter>src\engine\entities</Filter>
    </ClInclude>
    <ClInclude Include="$(XmakeProjectDir)\src\engine\entities\Entity.h">
      <Filter>src\engine\entities</Filter>
    </ClInclude>
    <ClInclude Include="$(XmakeProjectDir)\src\engine\entities\EntityManager.h">
      <Filter>src\engine\entities</Filter>
    </ClInclude>
    <ClInclude Include="$(XmakeProjectDir)\src\engine\systems\CollisionSystem.h">
      <Filter>src\engine\systems</Filter>
    </ClInclude>
    <ClInclude Include="$(XmakeProjectDir)\src\engine\systems\EnemySpawnSystem.h">
      <Filter>src\engine\systems</Filter>
    </ClInclude>
    <ClInclude Include="$(XmakeProjectDir)\src\engine\systems\LifeSpanSystem.h">
      <Filter>src\engine\systems</Filter>
    </ClInclude>
    <ClInclude Include="$(XmakeProjectDir)\src\engine\systems\MovementSystem.h">
      <Filter>src\engine\systems</Filter>
    </ClInclude>
    <ClInclude Include="$(XmakeProjectDir)\src\engine\systems\RenderSystem.h">
      <Filter>src\engine\systems</Filter>
    </ClInclude>
    <ClInclude Include="$(XmakeProjectDir)\src\engine\utils\debug_ui\DebugUI.h">
      <Filter>src\engine\utils\debug_ui</Filter>
    </ClInclude>
    <ClInclude Include="$(XmakeProjectDir)\src\engine\utils\math\Vector2.h">
      <Filter>src\engine\utils\math</Filter>
    </ClInclude>


  </ItemGroup>
  <ItemGroup>

    <ClCompile Include="$(XmakeProjectDir)\src\engine\Engine.cpp">
      <Filter>src\engine</Filter>
    </ClCompile>
    <ClCompile Include="$(XmakeProjectDir)\src\engine\components\CInput.cpp">
      <Filter>src\engine\components</Filter>
    </ClCompile>
    <ClCompile Include="$(XmakeProjectDir)\src\engine\components\CShape.cpp">
      <Filter>src\engine\components</Filter>
    </ClCompile>
    <ClCompile Include="$(XmakeProjectDir)\src\engine\components\CSprite.cpp">
      <Filter>src\engine\components</Filter>
    </ClCompile>
    <ClCompile Include="$(XmakeProjectDir)\src\engine\entities\EPlayer.cpp">
      <Filter>src\engine\entities</Filter>
    </ClCompile>
    <ClCompile Include="$(XmakeProjectDir)\src\engine\entities\Entity.cpp">
      <Filter>src\engine\entities</Filter>
    </ClCompile>
    <ClCompile Include="$(XmakeProjectDir)\src\engine\entities\EntityManager.cpp">
      <Filter>src\engine\entities</Filter>
    </ClCompile>
    <ClCompile Include="$(XmakeProjectDir)\src\engine\systems\CollisionSystem.cpp">
      <Filter>src\engine\systems</Filter>
    </ClCompile>
    <ClCompile Include="$(XmakeProjectDir)\src\engine\systems\EnemySpawnSystem.cpp">
      <Filter>src\engine\systems</Filter>
    </ClCompile>
    <ClCompile Include="$(XmakeProjectDir)\src\engine\systems\LifeSpanSystem.cpp">
      <Filter>src\engine\systems</Filter>
    </ClCompile>
    <ClCompile Include="$(XmakeProjectDir)\src\engine\systems\MovementSystem.cpp">
      <Filter>src\engine\systems</Filter>
    </ClCompile>
    <ClCompile Include="$(XmakeProjectDir)\src\engine\systems\RenderSystem.cpp">
      <Filter>src\engine\systems</Filter>
    </ClCompile>
    <ClCompile Include="$(XmakeProjectDir)\src\engine\utils\debug_ui\DebugUI.cpp">
      <Filter>src\engine\utils\debug_ui</Filter>
    </ClCompile>
    <ClCompile Include="$(XmakeProjectDir)\src\engine\utils\math\Vector2.cpp">
      <Filter>src\engine\utils\math</Filter>
    </ClCompile>
    <ClCompile Include="$(XmakeProjectDir)\src\main.cpp">
      <Filter>src</Filter>
    </ClCompile>



  </ItemGroup>
  <ItemGroup>

  </ItemGroup>
  <ItemGroup>




  </ItemGroup>
  <ItemGroup>

  </ItemGroup>
  <Import Condition="Exists('$(MSBuildThisFileDirectory)\Xmake.Custom.files.filters')"
    Project="$(MSBuildThisFileDirectory)\Xmake.Custom.files.filters" />
</Project>
